
Microsoft Visual Studio Solution File, Format Version 12.00
# Visual Studio Version 17
VisualStudioVersion = 17.11.35222.181
MinimumVisualStudioVersion = 10.0.40219.1
Project("{FAE04EC0-301F-11D3-BF4B-00C04F79EFBC}") = "MyWindowService", "MyWindowService\MyWindowService.csproj", "{603324D0-A8F9-48D3-9862-8CD64E712850}"
EndProject
Global
	GlobalSection(SolutionConfigurationPlatforms) = preSolution
		Debug|Any CPU = Debug|Any CPU
		Release|Any CPU = Release|Any CPU
	EndGlobalSection
	GlobalSection(ProjectConfigurationPlatforms) = postSolution
		{603324D0-A8F9-48D3-9862-8CD64E712850}.Debug|Any CPU.ActiveCfg = Debug|Any CPU
		{603324D0-A8F9-48D3-9862-8CD64E712850}.Debug|Any CPU.Build.0 = Debug|Any CPU
		{603324D0-A8F9-48D3-9862-8CD64E712850}.Release|Any CPU.ActiveCfg = Release|Any CPU
		{603324D0-A8F9-48D3-9862-8CD64E712850}.Release|Any CPU.Build.0 = Release|Any CPU
	EndGlobalSection
	GlobalSection(SolutionProperties) = preSolution
		HideSolutionNode = FALSE
	EndGlobalSection
	GlobalSection(ExtensibilityGlobals) = postSolution
		SolutionGuid = {BCE3462A-AE3B-4111-8351-46D16617A42F}
	EndGlobalSection
EndGlobal
